{
  "name": "cs-546-lab-2",
  "version": "1.0.0",
  "lockfileVersion": 3,
  "requires": true,
  "packages": {
    "": {
      "name": "cs-546-lab-2",
      "version": "1.0.0",
      "license": "ISC",
      "dependencies": {
        "cs-546-lab-2": "file:"
      }
    },
    "node_modules/cs-546-lab-2": {
      "resolved": "",
      "link": true
    }
  }
}
